
Microsoft Visual Studio Solution File, Format Version 12.00
# Visual Studio Version 17
VisualStudioVersion = 17.4.33122.133
MinimumVisualStudioVersion = 10.0.40219.1
Project("{FAE04EC0-301F-11D3-BF4B-00C04F79EFBC}") = "Practica S8", "Practica S8.csproj", "{970C696E-4CC0-49FF-A559-6801ABE75F32}"
EndProject
Global
	GlobalSection(SolutionConfigurationPlatforms) = preSolution
		Debug|Any CPU = Debug|Any CPU
		Release|Any CPU = Release|Any CPU
	EndGlobalSection
	GlobalSection(ProjectConfigurationPlatforms) = postSolution
		{970C696E-4CC0-49FF-A559-6801ABE75F32}.Debug|Any CPU.ActiveCfg = Debug|Any CPU
		{970C696E-4CC0-49FF-A559-6801ABE75F32}.Debug|Any CPU.Build.0 = Debug|Any CPU
		{970C696E-4CC0-49FF-A559-6801ABE75F32}.Release|Any CPU.ActiveCfg = Release|Any CPU
		{970C696E-4CC0-49FF-A559-6801ABE75F32}.Release|Any CPU.Build.0 = Release|Any CPU
	EndGlobalSection
	GlobalSection(SolutionProperties) = preSolution
		HideSolutionNode = FALSE
	EndGlobalSection
	GlobalSection(ExtensibilityGlobals) = postSolution
		SolutionGuid = {5C780BAD-71E3-45F9-A549-C66886723A45}
	EndGlobalSection
EndGlobal
